<?xml version="1.0" encoding="utf-8"?>
<Project ToolsVersion="4.0" xmlns="http://schemas.microsoft.com/developer/msbuild/2003">
  <ItemGroup>
    <Filter Include="Source Files">
      <UniqueIdentifier>{4FC737F1-C7A5-4376-A066-2A32D752A2FF}</UniqueIdentifier>
      <Extensions>cpp;c;cc;cxx;c++;def;odl;idl;hpj;bat;asm;asmx</Extensions>
    </Filter>
    <Filter Include="Source Files\Pass1 Tests">
      <UniqueIdentifier>{be331505-842f-44c1-9b11-4c1d169e340c}</UniqueIdentifier>
    </Filter>
    <Filter Include="Source Files\Pass2 Tests">
      <UniqueIdentifier>{a40028b0-4a4d-4d5d-aa3f-35735b41ad3f}</UniqueIdentifier>
    </Filter>
  </ItemGroup>
  <ItemGroup>
    <ClCompile Include="main.c">
      <Filter>Source Files</Filter>
    </ClCompile>
  </ItemGroup>
  <ItemGroup>
    <Text Include="Example1.txt" />
    <Text Include="documentation.txt" />
  </ItemGroup>
  <ItemGroup>
    <None Include="clock.sic" />
    <None Include="Pass1 Tests\test1.sic">
      <Filter>Source Files\Pass1 Tests</Filter>
    </None>
    <None Include="Pass1 Tests\test2.sic">
      <Filter>Source Files\Pass1 Tests</Filter>
    </None>
    <None Include="Pass1 Tests\test3.sic">
      <Filter>Source Files\Pass1 Tests</Filter>
    </None>
    <None Include="Pass1 Tests\test4.sic">
      <Filter>Source Files\Pass1 Tests</Filter>
    </None>
    <None Include="Pass1 Tests\test5.sic">
      <Filter>Source Files\Pass1 Tests</Filter>
    </None>
    <None Include="Pass1 Tests\test6.sic">
      <Filter>Source Files\Pass1 Tests</Filter>
    </None>
    <None Include="Pass1 Tests\test7.sic">
      <Filter>Source Files\Pass1 Tests</Filter>
    </None>
    <None Include="Pass1 Tests\test8.sic">
      <Filter>Source Files\Pass1 Tests</Filter>
    </None>
    <None Include="Pass1 Tests\test9.sic">
      <Filter>Source Files\Pass1 Tests</Filter>
    </None>
    <None Include="Pass1 Tests\test10.sic">
      <Filter>Source Files\Pass1 Tests</Filter>
    </None>
    <None Include="Pass2 Tests\test21.sic">
      <Filter>Source Files\Pass2 Tests</Filter>
    </None>
    <None Include="Pass2 Tests\test22.sic">
      <Filter>Source Files\Pass2 Tests</Filter>
    </None>
    <None Include="Pass2 Tests\test23.sic">
      <Filter>Source Files\Pass2 Tests</Filter>
    </None>
    <None Include="Pass2 Tests\test24.sic">
      <Filter>Source Files\Pass2 Tests</Filter>
    </None>
    <None Include="Pass2 Tests\test25.sic">
      <Filter>Source Files\Pass2 Tests</Filter>
    </None>
    <None Include="Pass2 Tests\test26.sic">
      <Filter>Source Files\Pass2 Tests</Filter>
    </None>
    <None Include="Pass2 Tests\test27.sic">
      <Filter>Source Files\Pass2 Tests</Filter>
    </None>
    <None Include="Pass2 Tests\test28.sic">
      <Filter>Source Files\Pass2 Tests</Filter>
    </None>
    <None Include="Pass2 Tests\test29.sic">
      <Filter>Source Files\Pass2 Tests</Filter>
    </None>
    <None Include="Pass2 Tests\test30.sic">
      <Filter>Source Files\Pass2 Tests</Filter>
    </None>
  </ItemGroup>
</Project>